
Microsoft Visual Studio Solution File, Format Version 12.00
# Visual Studio Version 16
VisualStudioVersion = 16.0.30404.54
MinimumVisualStudioVersion = 10.0.40219.1
Project("{FAE04EC0-301F-11D3-BF4B-00C04F79EFBC}") = "NewTezla", "NewTezla\NewTezla.csproj", "{BF252056-DC35-47E0-9621-C3F366755F48}"
EndProject
Global
	GlobalSection(SolutionConfigurationPlatforms) = preSolution
		Debug|Any CPU = Debug|Any CPU
		Release|Any CPU = Release|Any CPU
	EndGlobalSection
	GlobalSection(ProjectConfigurationPlatforms) = postSolution
		{BF252056-DC35-47E0-9621-C3F366755F48}.Debug|Any CPU.ActiveCfg = Debug|Any CPU
		{BF252056-DC35-47E0-9621-C3F366755F48}.Debug|Any CPU.Build.0 = Debug|Any CPU
		{BF252056-DC35-47E0-9621-C3F366755F48}.Release|Any CPU.ActiveCfg = Release|Any CPU
		{BF252056-DC35-47E0-9621-C3F366755F48}.Release|Any CPU.Build.0 = Release|Any CPU
	EndGlobalSection
	GlobalSection(SolutionProperties) = preSolution
		HideSolutionNode = FALSE
	EndGlobalSection
	GlobalSection(ExtensibilityGlobals) = postSolution
		SolutionGuid = {CCF7B211-9A68-44F1-9693-D32E3D01201B}
	EndGlobalSection
EndGlobal
